
Microsoft Visual Studio Solution File, Format Version 11.00
# Visual C++ Express 2010
Project("{8BC9CEB8-8B4A-11D0-8D11-00A0C91BC942}") = "Client", "Client\Client.vcxproj", "{D273E2EC-0914-46AE-A9F8-4E68593C4F4F}"
EndProject
Global
	GlobalSection(SolutionConfigurationPlatforms) = preSolution
		Debug|Win32 = Debug|Win32
		Release|Win32 = Release|Win32
	EndGlobalSection
	GlobalSection(ProjectConfigurationPlatforms) = postSolution
		{D273E2EC-0914-46AE-A9F8-4E68593C4F4F}.Debug|Win32.ActiveCfg = Debug|Win32
		{D273E2EC-0914-46AE-A9F8-4E68593C4F4F}.Debug|Win32.Build.0 = Debug|Win32
		{D273E2EC-0914-46AE-A9F8-4E68593C4F4F}.Release|Win32.ActiveCfg = Release|Win32
		{D273E2EC-0914-46AE-A9F8-4E68593C4F4F}.Release|Win32.Build.0 = Release|Win32
	EndGlobalSection
	GlobalSection(SolutionProperties) = preSolution
		HideSolutionNode = FALSE
	EndGlobalSection
EndGlobal
